
Microsoft Visual Studio Solution File, Format Version 12.00
# Visual Studio Version 17
VisualStudioVersion = 17.13.35919.96
MinimumVisualStudioVersion = 10.0.40219.1
Project("{FAE04EC0-301F-11D3-BF4B-00C04F79EFBC}") = "GeminiClient", "GeminiClient\GeminiClient.csproj", "{F02A93F3-0BDF-49BC-BDFC-84EBB9FB78FE}"
EndProject
Project("{FAE04EC0-301F-11D3-BF4B-00C04F79EFBC}") = "GeminiClientConsole", "GeminiClientConsole\GeminiClientConsole.csproj", "{31CCAAB0-54F2-4889-B706-FCD7251370A7}"
EndProject
Project("{FAE04EC0-301F-11D3-BF4B-00C04F79EFBC}") = "GeminiMockApi", "GeminiMockApi\GeminiMockApi.csproj", "{44C322BB-7FC5-4D64-997A-E29B906C6074}"
EndProject
Global
	GlobalSection(SolutionConfigurationPlatforms) = preSolution
		Debug|Any CPU = Debug|Any CPU
		Debug|x64 = Debug|x64
		Debug|x86 = Debug|x86
		Release|Any CPU = Release|Any CPU
		Release|x64 = Release|x64
		Release|x86 = Release|x86
	EndGlobalSection
	GlobalSection(ProjectConfigurationPlatforms) = postSolution
		{F02A93F3-0BDF-49BC-BDFC-84EBB9FB78FE}.Debug|Any CPU.ActiveCfg = Debug|Any CPU
		{F02A93F3-0BDF-49BC-BDFC-84EBB9FB78FE}.Debug|Any CPU.Build.0 = Debug|Any CPU
		{F02A93F3-0BDF-49BC-BDFC-84EBB9FB78FE}.Debug|x64.ActiveCfg = Debug|Any CPU
		{F02A93F3-0BDF-49BC-BDFC-84EBB9FB78FE}.Debug|x64.Build.0 = Debug|Any CPU
		{F02A93F3-0BDF-49BC-BDFC-84EBB9FB78FE}.Debug|x86.ActiveCfg = Debug|Any CPU
		{F02A93F3-0BDF-49BC-BDFC-84EBB9FB78FE}.Debug|x86.Build.0 = Debug|Any CPU
		{F02A93F3-0BDF-49BC-BDFC-84EBB9FB78FE}.Release|Any CPU.ActiveCfg = Release|Any CPU
		{F02A93F3-0BDF-49BC-BDFC-84EBB9FB78FE}.Release|Any CPU.Build.0 = Release|Any CPU
		{F02A93F3-0BDF-49BC-BDFC-84EBB9FB78FE}.Release|x64.ActiveCfg = Release|Any CPU
		{F02A93F3-0BDF-49BC-BDFC-84EBB9FB78FE}.Release|x64.Build.0 = Release|Any CPU
		{F02A93F3-0BDF-49BC-BDFC-84EBB9FB78FE}.Release|x86.ActiveCfg = Release|Any CPU
		{F02A93F3-0BDF-49BC-BDFC-84EBB9FB78FE}.Release|x86.Build.0 = Release|Any CPU
		{31CCAAB0-54F2-4889-B706-FCD7251370A7}.Debug|Any CPU.ActiveCfg = Debug|Any CPU
		{31CCAAB0-54F2-4889-B706-FCD7251370A7}.Debug|Any CPU.Build.0 = Debug|Any CPU
		{31CCAAB0-54F2-4889-B706-FCD7251370A7}.Debug|x64.ActiveCfg = Debug|Any CPU
		{31CCAAB0-54F2-4889-B706-FCD7251370A7}.Debug|x64.Build.0 = Debug|Any CPU
		{31CCAAB0-54F2-4889-B706-FCD7251370A7}.Debug|x86.ActiveCfg = Debug|Any CPU
		{31CCAAB0-54F2-4889-B706-FCD7251370A7}.Debug|x86.Build.0 = Debug|Any CPU
		{31CCAAB0-54F2-4889-B706-FCD7251370A7}.Release|Any CPU.ActiveCfg = Release|Any CPU
		{31CCAAB0-54F2-4889-B706-FCD7251370A7}.Release|Any CPU.Build.0 = Release|Any CPU
		{31CCAAB0-54F2-4889-B706-FCD7251370A7}.Release|x64.ActiveCfg = Release|Any CPU
		{31CCAAB0-54F2-4889-B706-FCD7251370A7}.Release|x64.Build.0 = Release|Any CPU
		{31CCAAB0-54F2-4889-B706-FCD7251370A7}.Release|x86.ActiveCfg = Release|Any CPU
		{31CCAAB0-54F2-4889-B706-FCD7251370A7}.Release|x86.Build.0 = Release|Any CPU
		{44C322BB-7FC5-4D64-997A-E29B906C6074}.Debug|Any CPU.ActiveCfg = Debug|Any CPU
		{44C322BB-7FC5-4D64-997A-E29B906C6074}.Debug|Any CPU.Build.0 = Debug|Any CPU
		{44C322BB-7FC5-4D64-997A-E29B906C6074}.Debug|x64.ActiveCfg = Debug|Any CPU
		{44C322BB-7FC5-4D64-997A-E29B906C6074}.Debug|x64.Build.0 = Debug|Any CPU
		{44C322BB-7FC5-4D64-997A-E29B906C6074}.Debug|x86.ActiveCfg = Debug|Any CPU
		{44C322BB-7FC5-4D64-997A-E29B906C6074}.Debug|x86.Build.0 = Debug|Any CPU
		{44C322BB-7FC5-4D64-997A-E29B906C6074}.Release|Any CPU.ActiveCfg = Release|Any CPU
		{44C322BB-7FC5-4D64-997A-E29B906C6074}.Release|Any CPU.Build.0 = Release|Any CPU
		{44C322BB-7FC5-4D64-997A-E29B906C6074}.Release|x64.ActiveCfg = Release|Any CPU
		{44C322BB-7FC5-4D64-997A-E29B906C6074}.Release|x64.Build.0 = Release|Any CPU
		{44C322BB-7FC5-4D64-997A-E29B906C6074}.Release|x86.ActiveCfg = Release|Any CPU
		{44C322BB-7FC5-4D64-997A-E29B906C6074}.Release|x86.Build.0 = Release|Any CPU
	EndGlobalSection
	GlobalSection(SolutionProperties) = preSolution
		HideSolutionNode = FALSE
	EndGlobalSection
	GlobalSection(ExtensibilityGlobals) = postSolution
		SolutionGuid = {EFE344B2-DCAB-4F1B-AB20-12783BF21788}
	EndGlobalSection
EndGlobal
